
Microsoft Visual Studio Solution File, Format Version 10.00
# Visual Studio 2008
Project("{8BC9CEB8-8B4A-11D0-8D11-00A0C91BC942}") = "UnKanj", "UnKanj.vcproj", "{44909DC2-BE08-4C30-8D7F-C7C697020446}"
EndProject
Global
	GlobalSection(SolutionConfigurationPlatforms) = preSolution
		Debug|Win32 = Debug|Win32
		Release|Win32 = Release|Win32
	EndGlobalSection
	GlobalSection(ProjectConfigurationPlatforms) = postSolution
		{44909DC2-BE08-4C30-8D7F-C7C697020446}.Debug|Win32.ActiveCfg = Debug|Win32
		{44909DC2-BE08-4C30-8D7F-C7C697020446}.Debug|Win32.Build.0 = Debug|Win32
		{44909DC2-BE08-4C30-8D7F-C7C697020446}.Release|Win32.ActiveCfg = Release|Win32
		{44909DC2-BE08-4C30-8D7F-C7C697020446}.Release|Win32.Build.0 = Release|Win32
	EndGlobalSection
	GlobalSection(SolutionProperties) = preSolution
		HideSolutionNode = FALSE
	EndGlobalSection
EndGlobal
